
Microsoft Visual Studio Solution File, Format Version 12.00
# Visual Studio 14
VisualStudioVersion = 14.0.25420.1
MinimumVisualStudioVersion = 10.0.40219.1
Project("{FAE04EC0-301F-11D3-BF4B-00C04F79EFBC}") = "Kopstt", "Kopstt\Kopstt.csproj", "{BBBCF570-E0EC-495F-9EDB-3058B9ABB5F9}"
EndProject
Project("{FAE04EC0-301F-11D3-BF4B-00C04F79EFBC}") = "Kopstt.Core", "Kopstt.Core\Kopstt.Core.csproj", "{ECD830F4-D8F3-4049-A3F5-89D19F681BA2}"
EndProject
Project("{FAE04EC0-301F-11D3-BF4B-00C04F79EFBC}") = "Kopstt.Tests", "Kopstt.Tests\Kopstt.Tests.csproj", "{34C7669A-2E1F-44F4-9345-291DBE92403E}"
EndProject
Global
	GlobalSection(SolutionConfigurationPlatforms) = preSolution
		Debug|Any CPU = Debug|Any CPU
		Release|Any CPU = Release|Any CPU
	EndGlobalSection
	GlobalSection(ProjectConfigurationPlatforms) = postSolution
		{BBBCF570-E0EC-495F-9EDB-3058B9ABB5F9}.Debug|Any CPU.ActiveCfg = Debug|Any CPU
		{BBBCF570-E0EC-495F-9EDB-3058B9ABB5F9}.Debug|Any CPU.Build.0 = Debug|Any CPU
		{BBBCF570-E0EC-495F-9EDB-3058B9ABB5F9}.Release|Any CPU.ActiveCfg = Release|Any CPU
		{BBBCF570-E0EC-495F-9EDB-3058B9ABB5F9}.Release|Any CPU.Build.0 = Release|Any CPU
		{ECD830F4-D8F3-4049-A3F5-89D19F681BA2}.Debug|Any CPU.ActiveCfg = Debug|Any CPU
		{ECD830F4-D8F3-4049-A3F5-89D19F681BA2}.Debug|Any CPU.Build.0 = Debug|Any CPU
		{ECD830F4-D8F3-4049-A3F5-89D19F681BA2}.Release|Any CPU.ActiveCfg = Release|Any CPU
		{ECD830F4-D8F3-4049-A3F5-89D19F681BA2}.Release|Any CPU.Build.0 = Release|Any CPU
		{34C7669A-2E1F-44F4-9345-291DBE92403E}.Debug|Any CPU.ActiveCfg = Debug|Any CPU
		{34C7669A-2E1F-44F4-9345-291DBE92403E}.Debug|Any CPU.Build.0 = Debug|Any CPU
		{34C7669A-2E1F-44F4-9345-291DBE92403E}.Release|Any CPU.ActiveCfg = Release|Any CPU
		{34C7669A-2E1F-44F4-9345-291DBE92403E}.Release|Any CPU.Build.0 = Release|Any CPU
	EndGlobalSection
	GlobalSection(SolutionProperties) = preSolution
		HideSolutionNode = FALSE
	EndGlobalSection
EndGlobal
